
Microsoft Visual Studio Solution File, Format Version 12.00
# Visual Studio 2012
Project("{FAE04EC0-301F-11D3-BF4B-00C04F79EFBC}") = "C3", "C3\C3.csproj", "{03D86836-FF81-459F-A9D0-F4D351473506}"
EndProject
Global
	GlobalSection(SolutionConfigurationPlatforms) = preSolution
		Debug|Any CPU = Debug|Any CPU
		Release|Any CPU = Release|Any CPU
	EndGlobalSection
	GlobalSection(ProjectConfigurationPlatforms) = postSolution
		{03D86836-FF81-459F-A9D0-F4D351473506}.Debug|Any CPU.ActiveCfg = Debug|Any CPU
		{03D86836-FF81-459F-A9D0-F4D351473506}.Debug|Any CPU.Build.0 = Debug|Any CPU
		{03D86836-FF81-459F-A9D0-F4D351473506}.Release|Any CPU.ActiveCfg = Release|Any CPU
		{03D86836-FF81-459F-A9D0-F4D351473506}.Release|Any CPU.Build.0 = Release|Any CPU
	EndGlobalSection
	GlobalSection(SolutionProperties) = preSolution
		HideSolutionNode = FALSE
	EndGlobalSection
EndGlobal
