
Microsoft Visual Studio Solution File, Format Version 12.00
# Visual Studio 2012
Project("{FAE04EC0-301F-11D3-BF4B-00C04F79EFBC}") = "RetoZonas3", "RetoZonas3\RetoZonas3.csproj", "{89B6D7E1-30AA-4132-81BF-4CB52D638496}"
EndProject
Global
	GlobalSection(SolutionConfigurationPlatforms) = preSolution
		Debug|x86 = Debug|x86
		Release|x86 = Release|x86
	EndGlobalSection
	GlobalSection(ProjectConfigurationPlatforms) = postSolution
		{89B6D7E1-30AA-4132-81BF-4CB52D638496}.Debug|x86.ActiveCfg = Debug|x86
		{89B6D7E1-30AA-4132-81BF-4CB52D638496}.Debug|x86.Build.0 = Debug|x86
		{89B6D7E1-30AA-4132-81BF-4CB52D638496}.Release|x86.ActiveCfg = Release|x86
		{89B6D7E1-30AA-4132-81BF-4CB52D638496}.Release|x86.Build.0 = Release|x86
	EndGlobalSection
EndGlobal
